# This file is generated by running "yarn install" inside your project.
# Manual changes might be lost - proceed with caution!

__metadata:
  version: 6
  cacheKey: 8

"@types/node@npm:^18.7.23":
  version: 18.7.23
  resolution: "@types/node@npm:18.7.23"
  checksum: 2c8df0830d8345e5cd1ca17feb9cf43fa667aae749888e0a068c5c1b35eaedd2f9b24ed987a0758078395edf7a03681e5e0b7790a518ff7afe1ff6d8459f7b4a
  languageName: node
  linkType: hard

"lambda@workspace:.":
  version: 0.0.0-use.local
  resolution: "lambda@workspace:."
  dependencies:
    "@types/node": ^18.7.23
    typescript: 4.7.4
  languageName: unknown
  linkType: soft

"typescript@npm:4.7.4":
  version: 4.7.4
  resolution: "typescript@npm:4.7.4"
  bin:
    tsc: bin/tsc
    tsserver: bin/tsserver
  checksum: 5750181b1cd7e6482c4195825547e70f944114fb47e58e4aa7553e62f11b3f3173766aef9c281783edfd881f7b8299cf35e3ca8caebe73d8464528c907a164df
  languageName: node
  linkType: hard

"typescript@patch:typescript@4.7.4#~builtin<compat/typescript>":
  version: 4.7.4
  resolution: "typescript@patch:typescript@npm%3A4.7.4#~builtin<compat/typescript>::version=4.7.4&hash=a1c5e5"
  bin:
    tsc: bin/tsc
    tsserver: bin/tsserver
  checksum: 9096d8f6c16cb80ef3bf96fcbbd055bf1c4a43bd14f3b7be45a9fbe7ada46ec977f604d5feed3263b4f2aa7d4c7477ce5f9cd87de0d6feedec69a983f3a4f93e
  languageName: node
  linkType: hard
